
Microsoft Visual Studio Solution File, Format Version 12.00
# Visual Studio Version 16
VisualStudioVersion = 16.0.31112.23
MinimumVisualStudioVersion = 10.0.40219.1
Project("{9A19103F-16F7-4668-BE54-9A1E7A4F7556}") = "Logger", "Logger\Logger.csproj", "{7A4952FD-FB15-4174-82FC-6FF1A954163F}"
EndProject
Project("{9A19103F-16F7-4668-BE54-9A1E7A4F7556}") = "SubsidyCalculation", "SubsidyCalculation\SubsidyCalculation.csproj", "{4CD35C9F-140A-4079-9036-CA253311C6A2}"
EndProject
Project("{9A19103F-16F7-4668-BE54-9A1E7A4F7556}") = "Chat", "Chat\Chat.csproj", "{DAE712B2-F866-4584-A376-CFBBB7C15DF8}"
EndProject
Project("{9A19103F-16F7-4668-BE54-9A1E7A4F7556}") = "RabbitMQ", "RabbitMQ\RabbitMQ.csproj", "{DF2B4110-567F-458F-A030-2BB208BAB83D}"
EndProject
Project("{9A19103F-16F7-4668-BE54-9A1E7A4F7556}") = "RabbitMQ2", "RabbitMQ2\RabbitMQ2.csproj", "{B5231B3F-7085-4AB5-B069-A419FF4FE31B}"
EndProject
Project("{9A19103F-16F7-4668-BE54-9A1E7A4F7556}") = "ConsoleAppTest", "ConsoleAppTest\ConsoleAppTest.csproj", "{FFA0814C-2A29-4BC5-AD4E-2C85E90873E8}"
EndProject
Project("{2150E333-8FDC-42A3-9474-1A3956D46DE8}") = "StudyList", "StudyList", "{91B0E726-C8CA-48A5-9816-C9A5270377C0}"
EndProject
Project("{FAE04EC0-301F-11D3-BF4B-00C04F79EFBC}") = "1_SOLID", "1_SOLID\1_SOLID.csproj", "{B0E07AC5-C0ED-4B70-AAE7-7325D9B543E2}"
EndProject
Global
	GlobalSection(SolutionConfigurationPlatforms) = preSolution
		Debug|Any CPU = Debug|Any CPU
		Release|Any CPU = Release|Any CPU
	EndGlobalSection
	GlobalSection(ProjectConfigurationPlatforms) = postSolution
		{7A4952FD-FB15-4174-82FC-6FF1A954163F}.Debug|Any CPU.ActiveCfg = Debug|Any CPU
		{7A4952FD-FB15-4174-82FC-6FF1A954163F}.Debug|Any CPU.Build.0 = Debug|Any CPU
		{7A4952FD-FB15-4174-82FC-6FF1A954163F}.Release|Any CPU.ActiveCfg = Release|Any CPU
		{7A4952FD-FB15-4174-82FC-6FF1A954163F}.Release|Any CPU.Build.0 = Release|Any CPU
		{4CD35C9F-140A-4079-9036-CA253311C6A2}.Debug|Any CPU.ActiveCfg = Debug|Any CPU
		{4CD35C9F-140A-4079-9036-CA253311C6A2}.Debug|Any CPU.Build.0 = Debug|Any CPU
		{4CD35C9F-140A-4079-9036-CA253311C6A2}.Release|Any CPU.ActiveCfg = Release|Any CPU
		{4CD35C9F-140A-4079-9036-CA253311C6A2}.Release|Any CPU.Build.0 = Release|Any CPU
		{DAE712B2-F866-4584-A376-CFBBB7C15DF8}.Debug|Any CPU.ActiveCfg = Debug|Any CPU
		{DAE712B2-F866-4584-A376-CFBBB7C15DF8}.Debug|Any CPU.Build.0 = Debug|Any CPU
		{DAE712B2-F866-4584-A376-CFBBB7C15DF8}.Release|Any CPU.ActiveCfg = Release|Any CPU
		{DAE712B2-F866-4584-A376-CFBBB7C15DF8}.Release|Any CPU.Build.0 = Release|Any CPU
		{DF2B4110-567F-458F-A030-2BB208BAB83D}.Debug|Any CPU.ActiveCfg = Debug|Any CPU
		{DF2B4110-567F-458F-A030-2BB208BAB83D}.Debug|Any CPU.Build.0 = Debug|Any CPU
		{DF2B4110-567F-458F-A030-2BB208BAB83D}.Release|Any CPU.ActiveCfg = Release|Any CPU
		{DF2B4110-567F-458F-A030-2BB208BAB83D}.Release|Any CPU.Build.0 = Release|Any CPU
		{B5231B3F-7085-4AB5-B069-A419FF4FE31B}.Debug|Any CPU.ActiveCfg = Debug|Any CPU
		{B5231B3F-7085-4AB5-B069-A419FF4FE31B}.Debug|Any CPU.Build.0 = Debug|Any CPU
		{B5231B3F-7085-4AB5-B069-A419FF4FE31B}.Release|Any CPU.ActiveCfg = Release|Any CPU
		{B5231B3F-7085-4AB5-B069-A419FF4FE31B}.Release|Any CPU.Build.0 = Release|Any CPU
		{FFA0814C-2A29-4BC5-AD4E-2C85E90873E8}.Debug|Any CPU.ActiveCfg = Debug|Any CPU
		{FFA0814C-2A29-4BC5-AD4E-2C85E90873E8}.Debug|Any CPU.Build.0 = Debug|Any CPU
		{FFA0814C-2A29-4BC5-AD4E-2C85E90873E8}.Release|Any CPU.ActiveCfg = Release|Any CPU
		{FFA0814C-2A29-4BC5-AD4E-2C85E90873E8}.Release|Any CPU.Build.0 = Release|Any CPU
		{B0E07AC5-C0ED-4B70-AAE7-7325D9B543E2}.Debug|Any CPU.ActiveCfg = Debug|Any CPU
		{B0E07AC5-C0ED-4B70-AAE7-7325D9B543E2}.Debug|Any CPU.Build.0 = Debug|Any CPU
		{B0E07AC5-C0ED-4B70-AAE7-7325D9B543E2}.Release|Any CPU.ActiveCfg = Release|Any CPU
		{B0E07AC5-C0ED-4B70-AAE7-7325D9B543E2}.Release|Any CPU.Build.0 = Release|Any CPU
	EndGlobalSection
	GlobalSection(SolutionProperties) = preSolution
		HideSolutionNode = FALSE
	EndGlobalSection
	GlobalSection(NestedProjects) = preSolution
		{B0E07AC5-C0ED-4B70-AAE7-7325D9B543E2} = {91B0E726-C8CA-48A5-9816-C9A5270377C0}
	EndGlobalSection
	GlobalSection(ExtensibilityGlobals) = postSolution
		SolutionGuid = {DDF07923-D402-4B46-8949-1AC34A02A448}
	EndGlobalSection
EndGlobal
